
Microsoft Visual Studio Solution File, Format Version 12.00
Project("{FAE04EC0-301F-11D3-BF4B-00C04F79EFBC}") = "ErrorViewer", "ErrorViewer\ErrorViewer.csproj", "{F85AE5C4-ECE2-4280-A2DE-0DE11481F8EF}"
EndProject
Global
	GlobalSection(SolutionConfigurationPlatforms) = preSolution
		Debug|Any CPU = Debug|Any CPU
		Release|Any CPU = Release|Any CPU
	EndGlobalSection
	GlobalSection(ProjectConfigurationPlatforms) = postSolution
		{F85AE5C4-ECE2-4280-A2DE-0DE11481F8EF}.Debug|Any CPU.ActiveCfg = Debug|Any CPU
		{F85AE5C4-ECE2-4280-A2DE-0DE11481F8EF}.Debug|Any CPU.Build.0 = Debug|Any CPU
		{F85AE5C4-ECE2-4280-A2DE-0DE11481F8EF}.Release|Any CPU.ActiveCfg = Release|Any CPU
		{F85AE5C4-ECE2-4280-A2DE-0DE11481F8EF}.Release|Any CPU.Build.0 = Release|Any CPU
	EndGlobalSection
EndGlobal
